
Microsoft Visual Studio Solution File, Format Version 12.00
# Visual Studio 2013
VisualStudioVersion = 12.0.21005.1
MinimumVisualStudioVersion = 10.0.40219.1
Project("{FAE04EC0-301F-11D3-BF4B-00C04F79EFBC}") = "UniqueCharacters", "UniqueCharacters\UniqueCharacters.csproj", "{D893F1A6-A4AC-4B17-B1C9-7DFB9A0846F5}"
EndProject
Global
	GlobalSection(SolutionConfigurationPlatforms) = preSolution
		Debug|Any CPU = Debug|Any CPU
		Release|Any CPU = Release|Any CPU
	EndGlobalSection
	GlobalSection(ProjectConfigurationPlatforms) = postSolution
		{D893F1A6-A4AC-4B17-B1C9-7DFB9A0846F5}.Debug|Any CPU.ActiveCfg = Debug|Any CPU
		{D893F1A6-A4AC-4B17-B1C9-7DFB9A0846F5}.Debug|Any CPU.Build.0 = Debug|Any CPU
		{D893F1A6-A4AC-4B17-B1C9-7DFB9A0846F5}.Release|Any CPU.ActiveCfg = Release|Any CPU
		{D893F1A6-A4AC-4B17-B1C9-7DFB9A0846F5}.Release|Any CPU.Build.0 = Release|Any CPU
	EndGlobalSection
	GlobalSection(SolutionProperties) = preSolution
		HideSolutionNode = FALSE
	EndGlobalSection
EndGlobal
